
Microsoft Visual Studio Solution File, Format Version 12.00
# Visual Studio Version 17
VisualStudioVersion = 17.1.32210.238
MinimumVisualStudioVersion = 10.0.40219.1
Project("{9A19103F-16F7-4668-BE54-9A1E7A4F7556}") = "ECommerceMVC", "ECommerceMVC\ECommerceMVC.csproj", "{0835C6ED-264D-4864-9362-33393A404523}"
EndProject
Project("{9A19103F-16F7-4668-BE54-9A1E7A4F7556}") = "ECommerceMVC.Entities", "ECommerceMVC.Entities\ECommerceMVC.Entities.csproj", "{2518F142-E1D1-41E3-B388-09D48761E39C}"
EndProject
Project("{9A19103F-16F7-4668-BE54-9A1E7A4F7556}") = "ECommerceMVC.Business", "ECommerceMVC.Business\ECommerceMVC.Business.csproj", "{66B75AFF-3983-44FD-B586-091A634C5683}"
EndProject
Project("{FAE04EC0-301F-11D3-BF4B-00C04F79EFBC}") = "ECommerceMVC.DataAccess", "ECommerceMVC.DataAccess\ECommerceMVC.DataAccess.csproj", "{BF60DA3E-D302-41C9-B340-6797E3CA661C}"
EndProject
Global
	GlobalSection(SolutionConfigurationPlatforms) = preSolution
		Debug|Any CPU = Debug|Any CPU
		Release|Any CPU = Release|Any CPU
	EndGlobalSection
	GlobalSection(ProjectConfigurationPlatforms) = postSolution
		{0835C6ED-264D-4864-9362-33393A404523}.Debug|Any CPU.ActiveCfg = Debug|Any CPU
		{0835C6ED-264D-4864-9362-33393A404523}.Debug|Any CPU.Build.0 = Debug|Any CPU
		{0835C6ED-264D-4864-9362-33393A404523}.Release|Any CPU.ActiveCfg = Release|Any CPU
		{0835C6ED-264D-4864-9362-33393A404523}.Release|Any CPU.Build.0 = Release|Any CPU
		{2518F142-E1D1-41E3-B388-09D48761E39C}.Debug|Any CPU.ActiveCfg = Debug|Any CPU
		{2518F142-E1D1-41E3-B388-09D48761E39C}.Debug|Any CPU.Build.0 = Debug|Any CPU
		{2518F142-E1D1-41E3-B388-09D48761E39C}.Release|Any CPU.ActiveCfg = Release|Any CPU
		{2518F142-E1D1-41E3-B388-09D48761E39C}.Release|Any CPU.Build.0 = Release|Any CPU
		{66B75AFF-3983-44FD-B586-091A634C5683}.Debug|Any CPU.ActiveCfg = Debug|Any CPU
		{66B75AFF-3983-44FD-B586-091A634C5683}.Debug|Any CPU.Build.0 = Debug|Any CPU
		{66B75AFF-3983-44FD-B586-091A634C5683}.Release|Any CPU.ActiveCfg = Release|Any CPU
		{66B75AFF-3983-44FD-B586-091A634C5683}.Release|Any CPU.Build.0 = Release|Any CPU
		{BF60DA3E-D302-41C9-B340-6797E3CA661C}.Debug|Any CPU.ActiveCfg = Debug|Any CPU
		{BF60DA3E-D302-41C9-B340-6797E3CA661C}.Debug|Any CPU.Build.0 = Debug|Any CPU
		{BF60DA3E-D302-41C9-B340-6797E3CA661C}.Release|Any CPU.ActiveCfg = Release|Any CPU
		{BF60DA3E-D302-41C9-B340-6797E3CA661C}.Release|Any CPU.Build.0 = Release|Any CPU
	EndGlobalSection
	GlobalSection(SolutionProperties) = preSolution
		HideSolutionNode = FALSE
	EndGlobalSection
	GlobalSection(ExtensibilityGlobals) = postSolution
		SolutionGuid = {91E66CF2-755D-483D-9C18-FF3AEBB29720}
	EndGlobalSection
EndGlobal
